
Microsoft Visual Studio Solution File, Format Version 12.00
# Visual Studio 14
VisualStudioVersion = 14.0.24720.0
MinimumVisualStudioVersion = 10.0.40219.1
Project("{FAE04EC0-301F-11D3-BF4B-00C04F79EFBC}") = "Fildo.Core.Entities", "Fildo.Core.Entities\Fildo.Core.Entities.csproj", "{287BEE6C-7D31-4CBF-95AE-13D398D6B2D1}"
EndProject
Project("{FAE04EC0-301F-11D3-BF4B-00C04F79EFBC}") = "Fildo.Core.Services", "Fildo.Core.Services\Fildo.Core.Services.csproj", "{E2C0A9F5-676A-4401-8200-E397FE146105}"
EndProject
Project("{FAE04EC0-301F-11D3-BF4B-00C04F79EFBC}") = "Fildo.Core.DTOs", "Fildo.Core.DTOs\Fildo.Core.DTOs.csproj", "{25FC4FD8-D404-402F-A8DA-A7C87B5D44EB}"
EndProject
Project("{FAE04EC0-301F-11D3-BF4B-00C04F79EFBC}") = "Fildo.Core", "Fildo.Core\Fildo.Core.csproj", "{FB1F557C-4B56-4415-BFA9-FC44531A136B}"
EndProject
Project("{FAE04EC0-301F-11D3-BF4B-00C04F79EFBC}") = "Fildo.Android", "Fildo.Android\Fildo.Android.csproj", "{BE397FCC-B4B2-4339-8C55-91B0A5CFA06A}"
EndProject
Global
	GlobalSection(SolutionConfigurationPlatforms) = preSolution
		Ad-Hoc|Any CPU = Ad-Hoc|Any CPU
		Ad-Hoc|ARM = Ad-Hoc|ARM
		Ad-Hoc|iPhone = Ad-Hoc|iPhone
		Ad-Hoc|iPhoneSimulator = Ad-Hoc|iPhoneSimulator
		Ad-Hoc|x86 = Ad-Hoc|x86
		AppStore|Any CPU = AppStore|Any CPU
		AppStore|ARM = AppStore|ARM
		AppStore|iPhone = AppStore|iPhone
		AppStore|iPhoneSimulator = AppStore|iPhoneSimulator
		AppStore|x86 = AppStore|x86
		Debug|Any CPU = Debug|Any CPU
		Debug|ARM = Debug|ARM
		Debug|iPhone = Debug|iPhone
		Debug|iPhoneSimulator = Debug|iPhoneSimulator
		Debug|x86 = Debug|x86
		Release|Any CPU = Release|Any CPU
		Release|ARM = Release|ARM
		Release|iPhone = Release|iPhone
		Release|iPhoneSimulator = Release|iPhoneSimulator
		Release|x86 = Release|x86
	EndGlobalSection
	GlobalSection(ProjectConfigurationPlatforms) = postSolution
		{287BEE6C-7D31-4CBF-95AE-13D398D6B2D1}.Ad-Hoc|Any CPU.ActiveCfg = Release|Any CPU
		{287BEE6C-7D31-4CBF-95AE-13D398D6B2D1}.Ad-Hoc|Any CPU.Build.0 = Release|Any CPU
		{287BEE6C-7D31-4CBF-95AE-13D398D6B2D1}.Ad-Hoc|ARM.ActiveCfg = Release|Any CPU
		{287BEE6C-7D31-4CBF-95AE-13D398D6B2D1}.Ad-Hoc|ARM.Build.0 = Release|Any CPU
		{287BEE6C-7D31-4CBF-95AE-13D398D6B2D1}.Ad-Hoc|iPhone.ActiveCfg = Release|Any CPU
		{287BEE6C-7D31-4CBF-95AE-13D398D6B2D1}.Ad-Hoc|iPhone.Build.0 = Release|Any CPU
		{287BEE6C-7D31-4CBF-95AE-13D398D6B2D1}.Ad-Hoc|iPhoneSimulator.ActiveCfg = Release|Any CPU
		{287BEE6C-7D31-4CBF-95AE-13D398D6B2D1}.Ad-Hoc|iPhoneSimulator.Build.0 = Release|Any CPU
		{287BEE6C-7D31-4CBF-95AE-13D398D6B2D1}.Ad-Hoc|x86.ActiveCfg = Release|Any CPU
		{287BEE6C-7D31-4CBF-95AE-13D398D6B2D1}.Ad-Hoc|x86.Build.0 = Release|Any CPU
		{287BEE6C-7D31-4CBF-95AE-13D398D6B2D1}.AppStore|Any CPU.ActiveCfg = Release|Any CPU
		{287BEE6C-7D31-4CBF-95AE-13D398D6B2D1}.AppStore|Any CPU.Build.0 = Release|Any CPU
		{287BEE6C-7D31-4CBF-95AE-13D398D6B2D1}.AppStore|ARM.ActiveCfg = Release|Any CPU
		{287BEE6C-7D31-4CBF-95AE-13D398D6B2D1}.AppStore|ARM.Build.0 = Release|Any CPU
		{287BEE6C-7D31-4CBF-95AE-13D398D6B2D1}.AppStore|iPhone.ActiveCfg = Release|Any CPU
		{287BEE6C-7D31-4CBF-95AE-13D398D6B2D1}.AppStore|iPhone.Build.0 = Release|Any CPU
		{287BEE6C-7D31-4CBF-95AE-13D398D6B2D1}.AppStore|iPhoneSimulator.ActiveCfg = Release|Any CPU
		{287BEE6C-7D31-4CBF-95AE-13D398D6B2D1}.AppStore|iPhoneSimulator.Build.0 = Release|Any CPU
		{287BEE6C-7D31-4CBF-95AE-13D398D6B2D1}.AppStore|x86.ActiveCfg = Release|Any CPU
		{287BEE6C-7D31-4CBF-95AE-13D398D6B2D1}.AppStore|x86.Build.0 = Release|Any CPU
		{287BEE6C-7D31-4CBF-95AE-13D398D6B2D1}.Debug|Any CPU.ActiveCfg = Debug|Any CPU
		{287BEE6C-7D31-4CBF-95AE-13D398D6B2D1}.Debug|Any CPU.Build.0 = Debug|Any CPU
		{287BEE6C-7D31-4CBF-95AE-13D398D6B2D1}.Debug|ARM.ActiveCfg = Debug|Any CPU
		{287BEE6C-7D31-4CBF-95AE-13D398D6B2D1}.Debug|ARM.Build.0 = Debug|Any CPU
		{287BEE6C-7D31-4CBF-95AE-13D398D6B2D1}.Debug|iPhone.ActiveCfg = Debug|Any CPU
		{287BEE6C-7D31-4CBF-95AE-13D398D6B2D1}.Debug|iPhone.Build.0 = Debug|Any CPU
		{287BEE6C-7D31-4CBF-95AE-13D398D6B2D1}.Debug|iPhoneSimulator.ActiveCfg = Debug|Any CPU
		{287BEE6C-7D31-4CBF-95AE-13D398D6B2D1}.Debug|iPhoneSimulator.Build.0 = Debug|Any CPU
		{287BEE6C-7D31-4CBF-95AE-13D398D6B2D1}.Debug|x86.ActiveCfg = Debug|Any CPU
		{287BEE6C-7D31-4CBF-95AE-13D398D6B2D1}.Debug|x86.Build.0 = Debug|Any CPU
		{287BEE6C-7D31-4CBF-95AE-13D398D6B2D1}.Release|Any CPU.ActiveCfg = Release|Any CPU
		{287BEE6C-7D31-4CBF-95AE-13D398D6B2D1}.Release|Any CPU.Build.0 = Release|Any CPU
		{287BEE6C-7D31-4CBF-95AE-13D398D6B2D1}.Release|ARM.ActiveCfg = Release|Any CPU
		{287BEE6C-7D31-4CBF-95AE-13D398D6B2D1}.Release|ARM.Build.0 = Release|Any CPU
		{287BEE6C-7D31-4CBF-95AE-13D398D6B2D1}.Release|iPhone.ActiveCfg = Release|Any CPU
		{287BEE6C-7D31-4CBF-95AE-13D398D6B2D1}.Release|iPhone.Build.0 = Release|Any CPU
		{287BEE6C-7D31-4CBF-95AE-13D398D6B2D1}.Release|iPhoneSimulator.ActiveCfg = Release|Any CPU
		{287BEE6C-7D31-4CBF-95AE-13D398D6B2D1}.Release|iPhoneSimulator.Build.0 = Release|Any CPU
		{287BEE6C-7D31-4CBF-95AE-13D398D6B2D1}.Release|x86.ActiveCfg = Release|Any CPU
		{287BEE6C-7D31-4CBF-95AE-13D398D6B2D1}.Release|x86.Build.0 = Release|Any CPU
		{E2C0A9F5-676A-4401-8200-E397FE146105}.Ad-Hoc|Any CPU.ActiveCfg = Release|Any CPU
		{E2C0A9F5-676A-4401-8200-E397FE146105}.Ad-Hoc|Any CPU.Build.0 = Release|Any CPU
		{E2C0A9F5-676A-4401-8200-E397FE146105}.Ad-Hoc|ARM.ActiveCfg = Release|Any CPU
		{E2C0A9F5-676A-4401-8200-E397FE146105}.Ad-Hoc|ARM.Build.0 = Release|Any CPU
		{E2C0A9F5-676A-4401-8200-E397FE146105}.Ad-Hoc|iPhone.ActiveCfg = Release|Any CPU
		{E2C0A9F5-676A-4401-8200-E397FE146105}.Ad-Hoc|iPhone.Build.0 = Release|Any CPU
		{E2C0A9F5-676A-4401-8200-E397FE146105}.Ad-Hoc|iPhoneSimulator.ActiveCfg = Release|Any CPU
		{E2C0A9F5-676A-4401-8200-E397FE146105}.Ad-Hoc|iPhoneSimulator.Build.0 = Release|Any CPU
		{E2C0A9F5-676A-4401-8200-E397FE146105}.Ad-Hoc|x86.ActiveCfg = Release|Any CPU
		{E2C0A9F5-676A-4401-8200-E397FE146105}.Ad-Hoc|x86.Build.0 = Release|Any CPU
		{E2C0A9F5-676A-4401-8200-E397FE146105}.AppStore|Any CPU.ActiveCfg = Release|Any CPU
		{E2C0A9F5-676A-4401-8200-E397FE146105}.AppStore|Any CPU.Build.0 = Release|Any CPU
		{E2C0A9F5-676A-4401-8200-E397FE146105}.AppStore|ARM.ActiveCfg = Release|Any CPU
		{E2C0A9F5-676A-4401-8200-E397FE146105}.AppStore|ARM.Build.0 = Release|Any CPU
		{E2C0A9F5-676A-4401-8200-E397FE146105}.AppStore|iPhone.ActiveCfg = Release|Any CPU
		{E2C0A9F5-676A-4401-8200-E397FE146105}.AppStore|iPhone.Build.0 = Release|Any CPU
		{E2C0A9F5-676A-4401-8200-E397FE146105}.AppStore|iPhoneSimulator.ActiveCfg = Release|Any CPU
		{E2C0A9F5-676A-4401-8200-E397FE146105}.AppStore|iPhoneSimulator.Build.0 = Release|Any CPU
		{E2C0A9F5-676A-4401-8200-E397FE146105}.AppStore|x86.ActiveCfg = Release|Any CPU
		{E2C0A9F5-676A-4401-8200-E397FE146105}.AppStore|x86.Build.0 = Release|Any CPU
		{E2C0A9F5-676A-4401-8200-E397FE146105}.Debug|Any CPU.ActiveCfg = Debug|Any CPU
		{E2C0A9F5-676A-4401-8200-E397FE146105}.Debug|Any CPU.Build.0 = Debug|Any CPU
		{E2C0A9F5-676A-4401-8200-E397FE146105}.Debug|ARM.ActiveCfg = Debug|Any CPU
		{E2C0A9F5-676A-4401-8200-E397FE146105}.Debug|ARM.Build.0 = Debug|Any CPU
		{E2C0A9F5-676A-4401-8200-E397FE146105}.Debug|iPhone.ActiveCfg = Debug|Any CPU
		{E2C0A9F5-676A-4401-8200-E397FE146105}.Debug|iPhone.Build.0 = Debug|Any CPU
		{E2C0A9F5-676A-4401-8200-E397FE146105}.Debug|iPhoneSimulator.ActiveCfg = Debug|Any CPU
		{E2C0A9F5-676A-4401-8200-E397FE146105}.Debug|iPhoneSimulator.Build.0 = Debug|Any CPU
		{E2C0A9F5-676A-4401-8200-E397FE146105}.Debug|x86.ActiveCfg = Debug|Any CPU
		{E2C0A9F5-676A-4401-8200-E397FE146105}.Debug|x86.Build.0 = Debug|Any CPU
		{E2C0A9F5-676A-4401-8200-E397FE146105}.Release|Any CPU.ActiveCfg = Release|Any CPU
		{E2C0A9F5-676A-4401-8200-E397FE146105}.Release|Any CPU.Build.0 = Release|Any CPU
		{E2C0A9F5-676A-4401-8200-E397FE146105}.Release|ARM.ActiveCfg = Release|Any CPU
		{E2C0A9F5-676A-4401-8200-E397FE146105}.Release|ARM.Build.0 = Release|Any CPU
		{E2C0A9F5-676A-4401-8200-E397FE146105}.Release|iPhone.ActiveCfg = Release|Any CPU
		{E2C0A9F5-676A-4401-8200-E397FE146105}.Release|iPhone.Build.0 = Release|Any CPU
		{E2C0A9F5-676A-4401-8200-E397FE146105}.Release|iPhoneSimulator.ActiveCfg = Release|Any CPU
		{E2C0A9F5-676A-4401-8200-E397FE146105}.Release|iPhoneSimulator.Build.0 = Release|Any CPU
		{E2C0A9F5-676A-4401-8200-E397FE146105}.Release|x86.ActiveCfg = Release|Any CPU
		{E2C0A9F5-676A-4401-8200-E397FE146105}.Release|x86.Build.0 = Release|Any CPU
		{25FC4FD8-D404-402F-A8DA-A7C87B5D44EB}.Ad-Hoc|Any CPU.ActiveCfg = Release|Any CPU
		{25FC4FD8-D404-402F-A8DA-A7C87B5D44EB}.Ad-Hoc|Any CPU.Build.0 = Release|Any CPU
		{25FC4FD8-D404-402F-A8DA-A7C87B5D44EB}.Ad-Hoc|ARM.ActiveCfg = Release|Any CPU
		{25FC4FD8-D404-402F-A8DA-A7C87B5D44EB}.Ad-Hoc|ARM.Build.0 = Release|Any CPU
		{25FC4FD8-D404-402F-A8DA-A7C87B5D44EB}.Ad-Hoc|iPhone.ActiveCfg = Release|Any CPU
		{25FC4FD8-D404-402F-A8DA-A7C87B5D44EB}.Ad-Hoc|iPhone.Build.0 = Release|Any CPU
		{25FC4FD8-D404-402F-A8DA-A7C87B5D44EB}.Ad-Hoc|iPhoneSimulator.ActiveCfg = Release|Any CPU
		{25FC4FD8-D404-402F-A8DA-A7C87B5D44EB}.Ad-Hoc|iPhoneSimulator.Build.0 = Release|Any CPU
		{25FC4FD8-D404-402F-A8DA-A7C87B5D44EB}.Ad-Hoc|x86.ActiveCfg = Release|Any CPU
		{25FC4FD8-D404-402F-A8DA-A7C87B5D44EB}.Ad-Hoc|x86.Build.0 = Release|Any CPU
		{25FC4FD8-D404-402F-A8DA-A7C87B5D44EB}.AppStore|Any CPU.ActiveCfg = Release|Any CPU
		{25FC4FD8-D404-402F-A8DA-A7C87B5D44EB}.AppStore|Any CPU.Build.0 = Release|Any CPU
		{25FC4FD8-D404-402F-A8DA-A7C87B5D44EB}.AppStore|ARM.ActiveCfg = Release|Any CPU
		{25FC4FD8-D404-402F-A8DA-A7C87B5D44EB}.AppStore|ARM.Build.0 = Release|Any CPU
		{25FC4FD8-D404-402F-A8DA-A7C87B5D44EB}.AppStore|iPhone.ActiveCfg = Release|Any CPU
		{25FC4FD8-D404-402F-A8DA-A7C87B5D44EB}.AppStore|iPhone.Build.0 = Release|Any CPU
		{25FC4FD8-D404-402F-A8DA-A7C87B5D44EB}.AppStore|iPhoneSimulator.ActiveCfg = Release|Any CPU
		{25FC4FD8-D404-402F-A8DA-A7C87B5D44EB}.AppStore|iPhoneSimulator.Build.0 = Release|Any CPU
		{25FC4FD8-D404-402F-A8DA-A7C87B5D44EB}.AppStore|x86.ActiveCfg = Release|Any CPU
		{25FC4FD8-D404-402F-A8DA-A7C87B5D44EB}.AppStore|x86.Build.0 = Release|Any CPU
		{25FC4FD8-D404-402F-A8DA-A7C87B5D44EB}.Debug|Any CPU.ActiveCfg = Debug|Any CPU
		{25FC4FD8-D404-402F-A8DA-A7C87B5D44EB}.Debug|Any CPU.Build.0 = Debug|Any CPU
		{25FC4FD8-D404-402F-A8DA-A7C87B5D44EB}.Debug|ARM.ActiveCfg = Debug|Any CPU
		{25FC4FD8-D404-402F-A8DA-A7C87B5D44EB}.Debug|ARM.Build.0 = Debug|Any CPU
		{25FC4FD8-D404-402F-A8DA-A7C87B5D44EB}.Debug|iPhone.ActiveCfg = Debug|Any CPU
		{25FC4FD8-D404-402F-A8DA-A7C87B5D44EB}.Debug|iPhone.Build.0 = Debug|Any CPU
		{25FC4FD8-D404-402F-A8DA-A7C87B5D44EB}.Debug|iPhoneSimulator.ActiveCfg = Debug|Any CPU
		{25FC4FD8-D404-402F-A8DA-A7C87B5D44EB}.Debug|iPhoneSimulator.Build.0 = Debug|Any CPU
		{25FC4FD8-D404-402F-A8DA-A7C87B5D44EB}.Debug|x86.ActiveCfg = Debug|Any CPU
		{25FC4FD8-D404-402F-A8DA-A7C87B5D44EB}.Debug|x86.Build.0 = Debug|Any CPU
		{25FC4FD8-D404-402F-A8DA-A7C87B5D44EB}.Release|Any CPU.ActiveCfg = Release|Any CPU
		{25FC4FD8-D404-402F-A8DA-A7C87B5D44EB}.Release|Any CPU.Build.0 = Release|Any CPU
		{25FC4FD8-D404-402F-A8DA-A7C87B5D44EB}.Release|ARM.ActiveCfg = Release|Any CPU
		{25FC4FD8-D404-402F-A8DA-A7C87B5D44EB}.Release|ARM.Build.0 = Release|Any CPU
		{25FC4FD8-D404-402F-A8DA-A7C87B5D44EB}.Release|iPhone.ActiveCfg = Release|Any CPU
		{25FC4FD8-D404-402F-A8DA-A7C87B5D44EB}.Release|iPhone.Build.0 = Release|Any CPU
		{25FC4FD8-D404-402F-A8DA-A7C87B5D44EB}.Release|iPhoneSimulator.ActiveCfg = Release|Any CPU
		{25FC4FD8-D404-402F-A8DA-A7C87B5D44EB}.Release|iPhoneSimulator.Build.0 = Release|Any CPU
		{25FC4FD8-D404-402F-A8DA-A7C87B5D44EB}.Release|x86.ActiveCfg = Release|Any CPU
		{25FC4FD8-D404-402F-A8DA-A7C87B5D44EB}.Release|x86.Build.0 = Release|Any CPU
		{FB1F557C-4B56-4415-BFA9-FC44531A136B}.Ad-Hoc|Any CPU.ActiveCfg = Release|Any CPU
		{FB1F557C-4B56-4415-BFA9-FC44531A136B}.Ad-Hoc|Any CPU.Build.0 = Release|Any CPU
		{FB1F557C-4B56-4415-BFA9-FC44531A136B}.Ad-Hoc|ARM.ActiveCfg = Release|Any CPU
		{FB1F557C-4B56-4415-BFA9-FC44531A136B}.Ad-Hoc|ARM.Build.0 = Release|Any CPU
		{FB1F557C-4B56-4415-BFA9-FC44531A136B}.Ad-Hoc|iPhone.ActiveCfg = Release|Any CPU
		{FB1F557C-4B56-4415-BFA9-FC44531A136B}.Ad-Hoc|iPhone.Build.0 = Release|Any CPU
		{FB1F557C-4B56-4415-BFA9-FC44531A136B}.Ad-Hoc|iPhoneSimulator.ActiveCfg = Release|Any CPU
		{FB1F557C-4B56-4415-BFA9-FC44531A136B}.Ad-Hoc|iPhoneSimulator.Build.0 = Release|Any CPU
		{FB1F557C-4B56-4415-BFA9-FC44531A136B}.Ad-Hoc|x86.ActiveCfg = Release|Any CPU
		{FB1F557C-4B56-4415-BFA9-FC44531A136B}.Ad-Hoc|x86.Build.0 = Release|Any CPU
		{FB1F557C-4B56-4415-BFA9-FC44531A136B}.AppStore|Any CPU.ActiveCfg = Release|Any CPU
		{FB1F557C-4B56-4415-BFA9-FC44531A136B}.AppStore|Any CPU.Build.0 = Release|Any CPU
		{FB1F557C-4B56-4415-BFA9-FC44531A136B}.AppStore|ARM.ActiveCfg = Release|Any CPU
		{FB1F557C-4B56-4415-BFA9-FC44531A136B}.AppStore|ARM.Build.0 = Release|Any CPU
		{FB1F557C-4B56-4415-BFA9-FC44531A136B}.AppStore|iPhone.ActiveCfg = Release|Any CPU
		{FB1F557C-4B56-4415-BFA9-FC44531A136B}.AppStore|iPhone.Build.0 = Release|Any CPU
		{FB1F557C-4B56-4415-BFA9-FC44531A136B}.AppStore|iPhoneSimulator.ActiveCfg = Release|Any CPU
		{FB1F557C-4B56-4415-BFA9-FC44531A136B}.AppStore|iPhoneSimulator.Build.0 = Release|Any CPU
		{FB1F557C-4B56-4415-BFA9-FC44531A136B}.AppStore|x86.ActiveCfg = Release|Any CPU
		{FB1F557C-4B56-4415-BFA9-FC44531A136B}.AppStore|x86.Build.0 = Release|Any CPU
		{FB1F557C-4B56-4415-BFA9-FC44531A136B}.Debug|Any CPU.ActiveCfg = Debug|Any CPU
		{FB1F557C-4B56-4415-BFA9-FC44531A136B}.Debug|Any CPU.Build.0 = Debug|Any CPU
		{FB1F557C-4B56-4415-BFA9-FC44531A136B}.Debug|ARM.ActiveCfg = Debug|Any CPU
		{FB1F557C-4B56-4415-BFA9-FC44531A136B}.Debug|ARM.Build.0 = Debug|Any CPU
		{FB1F557C-4B56-4415-BFA9-FC44531A136B}.Debug|iPhone.ActiveCfg = Debug|Any CPU
		{FB1F557C-4B56-4415-BFA9-FC44531A136B}.Debug|iPhone.Build.0 = Debug|Any CPU
		{FB1F557C-4B56-4415-BFA9-FC44531A136B}.Debug|iPhoneSimulator.ActiveCfg = Debug|Any CPU
		{FB1F557C-4B56-4415-BFA9-FC44531A136B}.Debug|iPhoneSimulator.Build.0 = Debug|Any CPU
		{FB1F557C-4B56-4415-BFA9-FC44531A136B}.Debug|x86.ActiveCfg = Debug|Any CPU
		{FB1F557C-4B56-4415-BFA9-FC44531A136B}.Debug|x86.Build.0 = Debug|Any CPU
		{FB1F557C-4B56-4415-BFA9-FC44531A136B}.Release|Any CPU.ActiveCfg = Release|Any CPU
		{FB1F557C-4B56-4415-BFA9-FC44531A136B}.Release|Any CPU.Build.0 = Release|Any CPU
		{FB1F557C-4B56-4415-BFA9-FC44531A136B}.Release|ARM.ActiveCfg = Release|Any CPU
		{FB1F557C-4B56-4415-BFA9-FC44531A136B}.Release|ARM.Build.0 = Release|Any CPU
		{FB1F557C-4B56-4415-BFA9-FC44531A136B}.Release|iPhone.ActiveCfg = Release|Any CPU
		{FB1F557C-4B56-4415-BFA9-FC44531A136B}.Release|iPhone.Build.0 = Release|Any CPU
		{FB1F557C-4B56-4415-BFA9-FC44531A136B}.Release|iPhoneSimulator.ActiveCfg = Release|Any CPU
		{FB1F557C-4B56-4415-BFA9-FC44531A136B}.Release|iPhoneSimulator.Build.0 = Release|Any CPU
		{FB1F557C-4B56-4415-BFA9-FC44531A136B}.Release|x86.ActiveCfg = Release|Any CPU
		{FB1F557C-4B56-4415-BFA9-FC44531A136B}.Release|x86.Build.0 = Release|Any CPU
		{BE397FCC-B4B2-4339-8C55-91B0A5CFA06A}.Ad-Hoc|Any CPU.ActiveCfg = Release|Any CPU
		{BE397FCC-B4B2-4339-8C55-91B0A5CFA06A}.Ad-Hoc|Any CPU.Build.0 = Release|Any CPU
		{BE397FCC-B4B2-4339-8C55-91B0A5CFA06A}.Ad-Hoc|Any CPU.Deploy.0 = Release|Any CPU
		{BE397FCC-B4B2-4339-8C55-91B0A5CFA06A}.Ad-Hoc|ARM.ActiveCfg = Release|Any CPU
		{BE397FCC-B4B2-4339-8C55-91B0A5CFA06A}.Ad-Hoc|ARM.Build.0 = Release|Any CPU
		{BE397FCC-B4B2-4339-8C55-91B0A5CFA06A}.Ad-Hoc|ARM.Deploy.0 = Release|Any CPU
		{BE397FCC-B4B2-4339-8C55-91B0A5CFA06A}.Ad-Hoc|iPhone.ActiveCfg = Release|Any CPU
		{BE397FCC-B4B2-4339-8C55-91B0A5CFA06A}.Ad-Hoc|iPhone.Build.0 = Release|Any CPU
		{BE397FCC-B4B2-4339-8C55-91B0A5CFA06A}.Ad-Hoc|iPhone.Deploy.0 = Release|Any CPU
		{BE397FCC-B4B2-4339-8C55-91B0A5CFA06A}.Ad-Hoc|iPhoneSimulator.ActiveCfg = Release|Any CPU
		{BE397FCC-B4B2-4339-8C55-91B0A5CFA06A}.Ad-Hoc|iPhoneSimulator.Build.0 = Release|Any CPU
		{BE397FCC-B4B2-4339-8C55-91B0A5CFA06A}.Ad-Hoc|iPhoneSimulator.Deploy.0 = Release|Any CPU
		{BE397FCC-B4B2-4339-8C55-91B0A5CFA06A}.Ad-Hoc|x86.ActiveCfg = Release|Any CPU
		{BE397FCC-B4B2-4339-8C55-91B0A5CFA06A}.Ad-Hoc|x86.Build.0 = Release|Any CPU
		{BE397FCC-B4B2-4339-8C55-91B0A5CFA06A}.Ad-Hoc|x86.Deploy.0 = Release|Any CPU
		{BE397FCC-B4B2-4339-8C55-91B0A5CFA06A}.AppStore|Any CPU.ActiveCfg = Release|Any CPU
		{BE397FCC-B4B2-4339-8C55-91B0A5CFA06A}.AppStore|Any CPU.Build.0 = Release|Any CPU
		{BE397FCC-B4B2-4339-8C55-91B0A5CFA06A}.AppStore|Any CPU.Deploy.0 = Release|Any CPU
		{BE397FCC-B4B2-4339-8C55-91B0A5CFA06A}.AppStore|ARM.ActiveCfg = Release|Any CPU
		{BE397FCC-B4B2-4339-8C55-91B0A5CFA06A}.AppStore|ARM.Build.0 = Release|Any CPU
		{BE397FCC-B4B2-4339-8C55-91B0A5CFA06A}.AppStore|ARM.Deploy.0 = Release|Any CPU
		{BE397FCC-B4B2-4339-8C55-91B0A5CFA06A}.AppStore|iPhone.ActiveCfg = Release|Any CPU
		{BE397FCC-B4B2-4339-8C55-91B0A5CFA06A}.AppStore|iPhone.Build.0 = Release|Any CPU
		{BE397FCC-B4B2-4339-8C55-91B0A5CFA06A}.AppStore|iPhone.Deploy.0 = Release|Any CPU
		{BE397FCC-B4B2-4339-8C55-91B0A5CFA06A}.AppStore|iPhoneSimulator.ActiveCfg = Release|Any CPU
		{BE397FCC-B4B2-4339-8C55-91B0A5CFA06A}.AppStore|iPhoneSimulator.Build.0 = Release|Any CPU
		{BE397FCC-B4B2-4339-8C55-91B0A5CFA06A}.AppStore|iPhoneSimulator.Deploy.0 = Release|Any CPU
		{BE397FCC-B4B2-4339-8C55-91B0A5CFA06A}.AppStore|x86.ActiveCfg = Release|Any CPU
		{BE397FCC-B4B2-4339-8C55-91B0A5CFA06A}.AppStore|x86.Build.0 = Release|Any CPU
		{BE397FCC-B4B2-4339-8C55-91B0A5CFA06A}.AppStore|x86.Deploy.0 = Release|Any CPU
		{BE397FCC-B4B2-4339-8C55-91B0A5CFA06A}.Debug|Any CPU.ActiveCfg = Debug|Any CPU
		{BE397FCC-B4B2-4339-8C55-91B0A5CFA06A}.Debug|Any CPU.Build.0 = Debug|Any CPU
		{BE397FCC-B4B2-4339-8C55-91B0A5CFA06A}.Debug|Any CPU.Deploy.0 = Debug|Any CPU
		{BE397FCC-B4B2-4339-8C55-91B0A5CFA06A}.Debug|ARM.ActiveCfg = Debug|Any CPU
		{BE397FCC-B4B2-4339-8C55-91B0A5CFA06A}.Debug|ARM.Build.0 = Debug|Any CPU
		{BE397FCC-B4B2-4339-8C55-91B0A5CFA06A}.Debug|ARM.Deploy.0 = Debug|Any CPU
		{BE397FCC-B4B2-4339-8C55-91B0A5CFA06A}.Debug|iPhone.ActiveCfg = Debug|Any CPU
		{BE397FCC-B4B2-4339-8C55-91B0A5CFA06A}.Debug|iPhone.Build.0 = Debug|Any CPU
		{BE397FCC-B4B2-4339-8C55-91B0A5CFA06A}.Debug|iPhone.Deploy.0 = Debug|Any CPU
		{BE397FCC-B4B2-4339-8C55-91B0A5CFA06A}.Debug|iPhoneSimulator.ActiveCfg = Debug|Any CPU
		{BE397FCC-B4B2-4339-8C55-91B0A5CFA06A}.Debug|iPhoneSimulator.Build.0 = Debug|Any CPU
		{BE397FCC-B4B2-4339-8C55-91B0A5CFA06A}.Debug|iPhoneSimulator.Deploy.0 = Debug|Any CPU
		{BE397FCC-B4B2-4339-8C55-91B0A5CFA06A}.Debug|x86.ActiveCfg = Debug|Any CPU
		{BE397FCC-B4B2-4339-8C55-91B0A5CFA06A}.Debug|x86.Build.0 = Debug|Any CPU
		{BE397FCC-B4B2-4339-8C55-91B0A5CFA06A}.Debug|x86.Deploy.0 = Debug|Any CPU
		{BE397FCC-B4B2-4339-8C55-91B0A5CFA06A}.Release|Any CPU.ActiveCfg = Release|Any CPU
		{BE397FCC-B4B2-4339-8C55-91B0A5CFA06A}.Release|Any CPU.Build.0 = Release|Any CPU
		{BE397FCC-B4B2-4339-8C55-91B0A5CFA06A}.Release|Any CPU.Deploy.0 = Release|Any CPU
		{BE397FCC-B4B2-4339-8C55-91B0A5CFA06A}.Release|ARM.ActiveCfg = Release|Any CPU
		{BE397FCC-B4B2-4339-8C55-91B0A5CFA06A}.Release|ARM.Build.0 = Release|Any CPU
		{BE397FCC-B4B2-4339-8C55-91B0A5CFA06A}.Release|ARM.Deploy.0 = Release|Any CPU
		{BE397FCC-B4B2-4339-8C55-91B0A5CFA06A}.Release|iPhone.ActiveCfg = Release|Any CPU
		{BE397FCC-B4B2-4339-8C55-91B0A5CFA06A}.Release|iPhone.Build.0 = Release|Any CPU
		{BE397FCC-B4B2-4339-8C55-91B0A5CFA06A}.Release|iPhone.Deploy.0 = Release|Any CPU
		{BE397FCC-B4B2-4339-8C55-91B0A5CFA06A}.Release|iPhoneSimulator.ActiveCfg = Release|Any CPU
		{BE397FCC-B4B2-4339-8C55-91B0A5CFA06A}.Release|iPhoneSimulator.Build.0 = Release|Any CPU
		{BE397FCC-B4B2-4339-8C55-91B0A5CFA06A}.Release|iPhoneSimulator.Deploy.0 = Release|Any CPU
		{BE397FCC-B4B2-4339-8C55-91B0A5CFA06A}.Release|x86.ActiveCfg = Release|Any CPU
		{BE397FCC-B4B2-4339-8C55-91B0A5CFA06A}.Release|x86.Build.0 = Release|Any CPU
		{BE397FCC-B4B2-4339-8C55-91B0A5CFA06A}.Release|x86.Deploy.0 = Release|Any CPU
	EndGlobalSection
	GlobalSection(SolutionProperties) = preSolution
		HideSolutionNode = FALSE
	EndGlobalSection
EndGlobal
